
Microsoft Visual Studio Solution File, Format Version 12.00
# Visual Studio Version 17
VisualStudioVersion = 17.10.35013.160
MinimumVisualStudioVersion = 10.0.40219.1
Project("{FAE04EC0-301F-11D3-BF4B-00C04F79EFBC}") = "WinFormsApp5", "WinFormsApp5.csproj", "{30BA6E15-36F6-43A8-B274-3BB42CC3DBF8}"
EndProject
Global
	GlobalSection(SolutionConfigurationPlatforms) = preSolution
		Debug|Any CPU = Debug|Any CPU
		Release|Any CPU = Release|Any CPU
	EndGlobalSection
	GlobalSection(ProjectConfigurationPlatforms) = postSolution
		{30BA6E15-36F6-43A8-B274-3BB42CC3DBF8}.Debug|Any CPU.ActiveCfg = Debug|Any CPU
		{30BA6E15-36F6-43A8-B274-3BB42CC3DBF8}.Debug|Any CPU.Build.0 = Debug|Any CPU
		{30BA6E15-36F6-43A8-B274-3BB42CC3DBF8}.Release|Any CPU.ActiveCfg = Release|Any CPU
		{30BA6E15-36F6-43A8-B274-3BB42CC3DBF8}.Release|Any CPU.Build.0 = Release|Any CPU
	EndGlobalSection
	GlobalSection(SolutionProperties) = preSolution
		HideSolutionNode = FALSE
	EndGlobalSection
	GlobalSection(ExtensibilityGlobals) = postSolution
		SolutionGuid = {693F5967-A7A1-4C4D-B596-C4576D6D5E66}
	EndGlobalSection
EndGlobal
